github.com/barkimedes/go-deepcopy v0.0.0-20220514131651-17c30cfc62df h1:GSoSVRLoBaFpOOds6QyY1L8AX7uoY+Ln3BHc22W40X0=
github.com/barkimedes/go-deepcopy v0.0.0-20220514131651-17c30cfc62df/go.mod h1:hiVxq5OP2bUGBRNS3Z/bt/reCLFNbdcST6gISi1fiOM=
github.com/davecgh/go-spew v1.1.1 h1:vj9j/u1bqnvCEfJOwUhtlOARqs3+rkHYY13jYWTU97c=
github.com/davecgh/go-spew v1.1.1/go.mod h1:J7Y8YcW2NihsgmVo/mv3lAwl/skON4iLHjSsI+c5H38=
github.com/gobeam/stringy v0.0.7 h1:TD8SfhedUoiANhW88JlJqfrMsihskIRpU/VTsHGnAps=
github.com/gobeam/stringy v0.0.7/go.mod h1:W3620X9dJHf2FSZF5fRnWekHcHQjwmCz8ZQ2d1qloqE=
github.com/kaloseia/clone v0.0.0-20240601081950-41de0e12ccb4 h1:KrvtOfoRvXaRJgAOqIRd4CgBqg4lZ2p0qBz6sRg4qW8=
github.com/kaloseia/clone v0.0.0-20240601081950-41de0e12ccb4/go.mod h1:7WCoAMMzw+oRQq5HdR+v1emyTQDkSGw1W47f2zqguoE=
github.com/kaloseia/go-util v0.0.0-20240710152636-8268868e8c7c h1:xseBgWbE6TLnvDBQ4+1PpSpGOZMWB5tmCuNuXl9P1z8=
github.com/kaloseia/go-util v0.0.0-20240710152636-8268868e8c7c/go.mod h1:gLFd0eirWSNNgX7c6fI5rbOimTII2Mpd/m91tq0YEtg=
github.com/kaloseia/morphe-go v0.0.0-20240707144350-d04da8be0ed6 h1:cJdr/EDDq4eCtA86PPE3U1gueAyhUs0SgpRR8l8Grt0=
github.com/kaloseia/morphe-go v0.0.0-20240707144350-d04da8be0ed6/go.mod h1:ntO0+pSBlbIXOFk+ictFksqA24HISb55TezG9//u/IM=
github.com/kaloseia/morphe-go v0.0.0-20240707200223-03b5c14e5066 h1:Rt2TtkcmRNMUJnMFnW3znGthqcZhwG1k48ZEGA0VSP8=
github.com/kaloseia/morphe-go v0.0.0-20240707200223-03b5c14e5066/go.mod h1:ntO0+pSBlbIXOFk+ictFksqA24HISb55TezG9//u/IM=
github.com/kaloseia/morphe-go v0.0.0-20241031090015-e8049f976aea h1:/m55MSEE9ljJz3PAlAz4LZwTsooeYMqC2ptlTA9ZEs0=
github.com/kaloseia/morphe-go v0.0.0-20241031090015-e8049f976aea/go.mod h1:ntO0+pSBlbIXOFk+ictFksqA24HISb55TezG9//u/IM=
github.com/kaloseia/morphe-go v0.0.0-20241031091656-425277394384 h1:Y2IkMFQFRsvej82Al39rnN3jStQwBruhXd09m76jSlg=
github.com/kaloseia/morphe-go v0.0.0-20241031091656-425277394384/go.mod h1:ntO0+pSBlbIXOFk+ictFksqA24HISb55TezG9//u/IM=
github.com/kaloseia/morphe-go v0.0.0-20241031092025-2f72cbc59f42 h1:4f4Y2SnN1zVwI6thJjeWdAJtoNdcsaKcCRvlWHhwR3g=
github.com/kaloseia/morphe-go v0.0.0-20241031092025-2f72cbc59f42/go.mod h1:ntO0+pSBlbIXOFk+ictFksqA24HISb55TezG9//u/IM=
github.com/pmezard/go-difflib v1.0.0 h1:4DBwDE0NGyQoBHbLQYPwSUPoCMWR5BEzIk/f1lZbAQM=
github.com/pmezard/go-difflib v1.0.0/go.mod h1:iKH77koFhYxTK1pcRnkKkqfTogsbg7gZNVY4sRDYZ/4=
github.com/stretchr/testify v1.9.0 h1:HtqpIVDClZ4nwg75+f6Lvsy/wHu+3BoSGCbBAcpTsTg=
github.com/stretchr/testify v1.9.0/go.mod h1:r2ic/lqez/lEtzL7wO/rwa5dbSLXVDPFyf8C91i36aY=
gopkg.in/check.v1 v0.0.0-20161208181325-20d25e280405 h1:yhCVgyC4o1eVCa2tZl7eS0r+SDo693bJlVdllGtEeKM=
gopkg.in/check.v1 v0.0.0-20161208181325-20d25e280405/go.mod h1:Co6ibVJAznAaIkqp8huTwlJQCZ016jof/cbN4VW5Yz0=
gopkg.in/yaml.v3 v3.0.1 h1:fxVm/GzAzEWqLHuvctI91KS9hhNmmWOoWu0XTYJS7CA=
gopkg.in/yaml.v3 v3.0.1/go.mod h1:K4uyk7z7BCEPqu6E+C64Yfv1cQ7kz7rIZviUmN+EgEM=
